
Microsoft Visual Studio Solution File, Format Version 12.00
# Visual Studio Version 17
VisualStudioVersion = 17.5.33627.172
MinimumVisualStudioVersion = 10.0.40219.1
Project("{9A19103F-16F7-4668-BE54-9A1E7A4F7556}") = "API", "API\API.csproj", "{F6C8E49B-9FD4-47F4-A849-C6A295ECDDC6}"
EndProject
Project("{9A19103F-16F7-4668-BE54-9A1E7A4F7556}") = "Client", "Client\Client.csproj", "{515F2E98-B754-4371-A82B-39BBD1EEAABE}"
EndProject
Global
	GlobalSection(SolutionConfigurationPlatforms) = preSolution
		Debug|Any CPU = Debug|Any CPU
		Release|Any CPU = Release|Any CPU
	EndGlobalSection
	GlobalSection(ProjectConfigurationPlatforms) = postSolution
		{F6C8E49B-9FD4-47F4-A849-C6A295ECDDC6}.Debug|Any CPU.ActiveCfg = Debug|Any CPU
		{F6C8E49B-9FD4-47F4-A849-C6A295ECDDC6}.Debug|Any CPU.Build.0 = Debug|Any CPU
		{F6C8E49B-9FD4-47F4-A849-C6A295ECDDC6}.Release|Any CPU.ActiveCfg = Release|Any CPU
		{F6C8E49B-9FD4-47F4-A849-C6A295ECDDC6}.Release|Any CPU.Build.0 = Release|Any CPU
		{515F2E98-B754-4371-A82B-39BBD1EEAABE}.Debug|Any CPU.ActiveCfg = Debug|Any CPU
		{515F2E98-B754-4371-A82B-39BBD1EEAABE}.Debug|Any CPU.Build.0 = Debug|Any CPU
		{515F2E98-B754-4371-A82B-39BBD1EEAABE}.Release|Any CPU.ActiveCfg = Release|Any CPU
		{515F2E98-B754-4371-A82B-39BBD1EEAABE}.Release|Any CPU.Build.0 = Release|Any CPU
	EndGlobalSection
	GlobalSection(SolutionProperties) = preSolution
		HideSolutionNode = FALSE
	EndGlobalSection
	GlobalSection(ExtensibilityGlobals) = postSolution
		SolutionGuid = {BB5BF85A-BCFA-4377-9884-7B3C7905C4F1}
	EndGlobalSection
EndGlobal
